
Microsoft Visual Studio Solution File, Format Version 12.00
# Visual Studio Version 17
VisualStudioVersion = 17.0.31903.59
MinimumVisualStudioVersion = 10.0.40219.1
Project("{9A19103F-16F7-4668-BE54-9A1E7A4F7556}") = "BatteryBrandTester", "BatteryBrandTester\BatteryBrandTester.csproj", "{2B4B34C8-6B15-4752-B8C4-DF1A4D0165A2}"
EndProject
Project("{9A19103F-16F7-4668-BE54-9A1E7A4F7556}") = "OledI2cCore", "..\external\oled\src\OledI2cCore\OledI2cCore.csproj", "{AB41E4DD-D21F-4FB8-BA05-9DA613A36958}"
EndProject
Global
	GlobalSection(SolutionConfigurationPlatforms) = preSolution
		Debug|Any CPU = Debug|Any CPU
		Release|Any CPU = Release|Any CPU
	EndGlobalSection
	GlobalSection(ProjectConfigurationPlatforms) = postSolution
		{2B4B34C8-6B15-4752-B8C4-DF1A4D0165A2}.Debug|Any CPU.ActiveCfg = Debug|Any CPU
		{2B4B34C8-6B15-4752-B8C4-DF1A4D0165A2}.Debug|Any CPU.Build.0 = Debug|Any CPU
		{2B4B34C8-6B15-4752-B8C4-DF1A4D0165A2}.Release|Any CPU.ActiveCfg = Release|Any CPU
		{2B4B34C8-6B15-4752-B8C4-DF1A4D0165A2}.Release|Any CPU.Build.0 = Release|Any CPU
		{AB41E4DD-D21F-4FB8-BA05-9DA613A36958}.Debug|Any CPU.ActiveCfg = Debug|Any CPU
		{AB41E4DD-D21F-4FB8-BA05-9DA613A36958}.Debug|Any CPU.Build.0 = Debug|Any CPU
		{AB41E4DD-D21F-4FB8-BA05-9DA613A36958}.Release|Any CPU.ActiveCfg = Release|Any CPU
		{AB41E4DD-D21F-4FB8-BA05-9DA613A36958}.Release|Any CPU.Build.0 = Release|Any CPU
	EndGlobalSection
	GlobalSection(SolutionProperties) = preSolution
		HideSolutionNode = FALSE
	EndGlobalSection
	GlobalSection(ExtensibilityGlobals) = postSolution
		SolutionGuid = {6FF87470-6C17-47BE-95E0-069FF8E2F98E}
	EndGlobalSection
EndGlobal
